// !$*UTF8*$!
{
	archiveVersion = 1;
	classes = {
	};
	objectVersion = 42;
	objects = {

/* Begin PBXBuildFile section */
		8D11072A0486CEB800E47090 /* MainMenu.nib in Resources */ = {isa = PBXBuildFile; fileRef = 29B97318FDCFA39411CA2CEA /* MainMenu.nib */; };
		8D11072D0486CEB800E47090 /* main.m in Sources */ = {isa = PBXBuildFile; fileRef = 29B97316FDCFA39411CA2CEA /* main.m */; settings = {ATTRIBUTES = (); }; };
		8D11072F0486CEB800E47090 /* Cocoa.framework in Frameworks */ = {isa = PBXBuildFile; fileRef = 1058C7A1FEA54F0111CA2CBB /* Cocoa.framework */; };
		FA01AB810B03E577004A54F4 /* YargController.m in Sources */ = {isa = PBXBuildFile; fileRef = FA01AB800B03E577004A54F4 /* YargController.m */; };
		FA01AB990B03EA53004A54F4 /* Job.m in Sources */ = {isa = PBXBuildFile; fileRef = FA01AB980B03EA53004A54F4 /* Job.m */; };
		FA04290E0C176F4600803AE5 /* syncer.m in Sources */ = {isa = PBXBuildFile; fileRef = FA04289C0C15DFA200803AE5 /* syncer.m */; };
		FA0429E00C1A3F1F00803AE5 /* syncer in CopyFiles */ = {isa = PBXBuildFile; fileRef = FA0429080C176EBA00803AE5 /* syncer */; };
		FA4E302E0DC66B480046C99F /* InstallTool in CopyFiles */ = {isa = PBXBuildFile; fileRef = FA4E301A0DC66AAA0046C99F /* InstallTool */; };
		FA4E302F0DC66B4C0046C99F /* HelperTool in CopyFiles */ = {isa = PBXBuildFile; fileRef = FA4E300D0DC66A8F0046C99F /* HelperTool */; };
		FA4E30340DC66BBC0046C99F /* BetterAuthorizationSampleLib.c in Sources */ = {isa = PBXBuildFile; fileRef = FA4E30330DC66BBC0046C99F /* BetterAuthorizationSampleLib.c */; };
		FA4E30350DC66BBC0046C99F /* BetterAuthorizationSampleLib.c in Sources */ = {isa = PBXBuildFile; fileRef = FA4E30330DC66BBC0046C99F /* BetterAuthorizationSampleLib.c */; };
		FA4E303B0DC66BD90046C99F /* BetterAuthorizationSampleLibInstallTool.c in Sources */ = {isa = PBXBuildFile; fileRef = FA4E303A0DC66BD90046C99F /* BetterAuthorizationSampleLibInstallTool.c */; };
		FA4E303F0DC66C940046C99F /* Common.c in Sources */ = {isa = PBXBuildFile; fileRef = FA4E303E0DC66C940046C99F /* Common.c */; };
		FA4E30400DC66C940046C99F /* Common.c in Sources */ = {isa = PBXBuildFile; fileRef = FA4E303E0DC66C940046C99F /* Common.c */; };
		FA4E309D0DC6B0650046C99F /* HelperTool.c in Sources */ = {isa = PBXBuildFile; fileRef = FA4E309B0DC6B0650046C99F /* HelperTool.c */; };
		FA8E08D30DBFE6E6004C42B0 /* Security.framework in Frameworks */ = {isa = PBXBuildFile; fileRef = FA8E08D20DBFE6E6004C42B0 /* Security.framework */; };
		FA9A2BAB0DCAB4C1000FF5DC /* CoreFoundation.framework in Frameworks */ = {isa = PBXBuildFile; fileRef = FA9A2BAA0DCAB4C1000FF5DC /* CoreFoundation.framework */; };
		FA9A2BAD0DCAB4C1000FF5DC /* CoreFoundation.framework in Frameworks */ = {isa = PBXBuildFile; fileRef = FA9A2BAA0DCAB4C1000FF5DC /* CoreFoundation.framework */; };
		FA9A2C020DCAB519000FF5DC /* Security.framework in Frameworks */ = {isa = PBXBuildFile; fileRef = FA8E08D20DBFE6E6004C42B0 /* Security.framework */; };
		FAB700C00DADEF26009A6466 /* iconv3.icns in Resources */ = {isa = PBXBuildFile; fileRef = FAB700BF0DADEF26009A6466 /* iconv3.icns */; };
		FACDD91F0B0D6AB9004E306D /* additions.m in Sources */ = {isa = PBXBuildFile; fileRef = FACDD91E0B0D6AB9004E306D /* additions.m */; };
/* End PBXBuildFile section */

/* Begin PBXContainerItemProxy section */
		FA0429BF0C1A3DC500803AE5 /* PBXContainerItemProxy */ = {
			isa = PBXContainerItemProxy;
			containerPortal = 29B97313FDCFA39411CA2CEA /* Project object */;
			proxyType = 1;
			remoteGlobalIDString = FA0429070C176EBA00803AE5;
			remoteInfo = syncer;
		};
		FA4E301E0DC66AB60046C99F /* PBXContainerItemProxy */ = {
			isa = PBXContainerItemProxy;
			containerPortal = 29B97313FDCFA39411CA2CEA /* Project object */;
			proxyType = 1;
			remoteGlobalIDString = FA4E300C0DC66A8F0046C99F;
			remoteInfo = HelperTool;
		};
		FA4E30200DC66AB60046C99F /* PBXContainerItemProxy */ = {
			isa = PBXContainerItemProxy;
			containerPortal = 29B97313FDCFA39411CA2CEA /* Project object */;
			proxyType = 1;
			remoteGlobalIDString = FA4E30190DC66AAA0046C99F;
			remoteInfo = InstallTool;
		};
/* End PBXContainerItemProxy section */

/* Begin PBXCopyFilesBuildPhase section */
		FA0429DE0C1A3F0400803AE5 /* CopyFiles */ = {
			isa = PBXCopyFilesBuildPhase;
			buildActionMask = 2147483647;
			dstPath = "";
			dstSubfolderSpec = 6;
			files = (
				FA4E302F0DC66B4C0046C99F /* HelperTool in CopyFiles */,
				FA4E302E0DC66B480046C99F /* InstallTool in CopyFiles */,
				FA0429E00C1A3F1F00803AE5 /* syncer in CopyFiles */,
			);
			runOnlyForDeploymentPostprocessing = 0;
		};
/* End PBXCopyFilesBuildPhase section */

/* Begin PBXFileReference section */
		1058C7A1FEA54F0111CA2CBB /* Cocoa.framework */ = {isa = PBXFileReference; lastKnownFileType = wrapper.framework; name = Cocoa.framework; path = /System/Library/Frameworks/Cocoa.framework; sourceTree = "<absolute>"; };
		13E42FB307B3F0F600E4EEF1 /* CoreData.framework */ = {isa = PBXFileReference; lastKnownFileType = wrapper.framework; name = CoreData.framework; path = /System/Library/Frameworks/CoreData.framework; sourceTree = "<absolute>"; };
		29B97316FDCFA39411CA2CEA /* main.m */ = {isa = PBXFileReference; fileEncoding = 4; lastKnownFileType = sourcecode.c.objc; path = main.m; sourceTree = "<group>"; };
		29B97319FDCFA39411CA2CEA /* English */ = {isa = PBXFileReference; lastKnownFileType = wrapper.nib; name = English; path = English.lproj/MainMenu.nib; sourceTree = "<group>"; };
		29B97324FDCFA39411CA2CEA /* AppKit.framework */ = {isa = PBXFileReference; lastKnownFileType = wrapper.framework; name = AppKit.framework; path = /System/Library/Frameworks/AppKit.framework; sourceTree = "<absolute>"; };
		29B97325FDCFA39411CA2CEA /* Foundation.framework */ = {isa = PBXFileReference; lastKnownFileType = wrapper.framework; name = Foundation.framework; path = /System/Library/Frameworks/Foundation.framework; sourceTree = "<absolute>"; };
		32CA4F630368D1EE00C91783 /* yarg_Prefix.pch */ = {isa = PBXFileReference; fileEncoding = 4; lastKnownFileType = sourcecode.c.h; path = yarg_Prefix.pch; sourceTree = "<group>"; };
		8D1107310486CEB800E47090 /* Info.plist */ = {isa = PBXFileReference; fileEncoding = 4; lastKnownFileType = text.plist; path = Info.plist; sourceTree = "<group>"; };
		8D1107320486CEB800E47090 /* Yarg.app */ = {isa = PBXFileReference; explicitFileType = wrapper.application; includeInIndex = 0; path = Yarg.app; sourceTree = BUILT_PRODUCTS_DIR; };
		FA01AB7F0B03E577004A54F4 /* YargController.h */ = {isa = PBXFileReference; fileEncoding = 30; lastKnownFileType = sourcecode.c.h; path = YargController.h; sourceTree = "<group>"; };
		FA01AB800B03E577004A54F4 /* YargController.m */ = {isa = PBXFileReference; fileEncoding = 30; lastKnownFileType = sourcecode.c.objc; path = YargController.m; sourceTree = "<group>"; };
		FA01AB970B03EA53004A54F4 /* Job.h */ = {isa = PBXFileReference; fileEncoding = 4; lastKnownFileType = sourcecode.c.h; path = Job.h; sourceTree = "<group>"; };
		FA01AB980B03EA53004A54F4 /* Job.m */ = {isa = PBXFileReference; fileEncoding = 4; lastKnownFileType = sourcecode.c.objc; path = Job.m; sourceTree = "<group>"; wrapsLines = 0; };
		FA04289B0C15DFA200803AE5 /* syncer.h */ = {isa = PBXFileReference; fileEncoding = 4; lastKnownFileType = sourcecode.c.h; path = syncer.h; sourceTree = "<group>"; };
		FA04289C0C15DFA200803AE5 /* syncer.m */ = {isa = PBXFileReference; fileEncoding = 4; lastKnownFileType = sourcecode.c.objc; path = syncer.m; sourceTree = "<group>"; };
		FA0429080C176EBA00803AE5 /* syncer */ = {isa = PBXFileReference; explicitFileType = "compiled.mach-o.executable"; includeInIndex = 0; path = syncer; sourceTree = BUILT_PRODUCTS_DIR; };
		FA4E300D0DC66A8F0046C99F /* HelperTool */ = {isa = PBXFileReference; explicitFileType = "compiled.mach-o.executable"; includeInIndex = 0; path = HelperTool; sourceTree = BUILT_PRODUCTS_DIR; };
		FA4E301A0DC66AAA0046C99F /* InstallTool */ = {isa = PBXFileReference; explicitFileType = "compiled.mach-o.executable"; includeInIndex = 0; path = InstallTool; sourceTree = BUILT_PRODUCTS_DIR; };
		FA4E30330DC66BBC0046C99F /* BetterAuthorizationSampleLib.c */ = {isa = PBXFileReference; fileEncoding = 4; lastKnownFileType = sourcecode.c.c; path = BetterAuthorizationSampleLib.c; sourceTree = "<group>"; };
		FA4E303A0DC66BD90046C99F /* BetterAuthorizationSampleLibInstallTool.c */ = {isa = PBXFileReference; fileEncoding = 4; lastKnownFileType = sourcecode.c.c; path = BetterAuthorizationSampleLibInstallTool.c; sourceTree = "<group>"; };
		FA4E303C0DC66BED0046C99F /* BetterAuthorizationSampleLib.h */ = {isa = PBXFileReference; fileEncoding = 4; lastKnownFileType = sourcecode.c.h; path = BetterAuthorizationSampleLib.h; sourceTree = "<group>"; };
		FA4E303D0DC66C940046C99F /* Common.h */ = {isa = PBXFileReference; fileEncoding = 4; lastKnownFileType = sourcecode.c.h; path = Common.h; sourceTree = "<group>"; };
		FA4E303E0DC66C940046C99F /* Common.c */ = {isa = PBXFileReference; fileEncoding = 4; lastKnownFileType = sourcecode.c.c; path = Common.c; sourceTree = "<group>"; };
		FA4E309B0DC6B0650046C99F /* HelperTool.c */ = {isa = PBXFileReference; fileEncoding = 4; lastKnownFileType = sourcecode.c.c; path = HelperTool.c; sourceTree = "<group>"; };
		FA8E08D20DBFE6E6004C42B0 /* Security.framework */ = {isa = PBXFileReference; lastKnownFileType = wrapper.framework; name = Security.framework; path = /System/Library/Frameworks/Security.framework; sourceTree = "<absolute>"; };
		FA9A2BAA0DCAB4C1000FF5DC /* CoreFoundation.framework */ = {isa = PBXFileReference; lastKnownFileType = wrapper.framework; name = CoreFoundation.framework; path = /System/Library/Frameworks/CoreFoundation.framework; sourceTree = "<absolute>"; };
		FAB700BF0DADEF26009A6466 /* iconv3.icns */ = {isa = PBXFileReference; lastKnownFileType = image.icns; path = iconv3.icns; sourceTree = "<group>"; };
		FACDD91D0B0D6AB9004E306D /* additions.h */ = {isa = PBXFileReference; fileEncoding = 4; lastKnownFileType = sourcecode.c.h; path = additions.h; sourceTree = "<group>"; };
		FACDD91E0B0D6AB9004E306D /* additions.m */ = {isa = PBXFileReference; fileEncoding = 4; lastKnownFileType = sourcecode.c.objc; path = additions.m; sourceTree = "<group>"; };
		FACE766B0DD03AC800934DB0 /* HelperUninstall.sh */ = {isa = PBXFileReference; fileEncoding = 4; lastKnownFileType = text.script.sh; path = HelperUninstall.sh; sourceTree = "<group>"; };
		FAD841DF0C0E0099001E7A83 /* LICENSE.txt */ = {isa = PBXFileReference; fileEncoding = 4; lastKnownFileType = text; path = LICENSE.txt; sourceTree = "<group>"; };
		FAD841E70C0E0220001E7A83 /* package.sh */ = {isa = PBXFileReference; fileEncoding = 4; lastKnownFileType = text.script.sh; path = package.sh; sourceTree = "<group>"; };
		FAD841F30C0E0684001E7A83 /* makesourceball.sh */ = {isa = PBXFileReference; fileEncoding = 4; lastKnownFileType = text.script.sh; path = makesourceball.sh; sourceTree = "<group>"; };
/* End PBXFileReference section */

/* Begin PBXFrameworksBuildPhase section */
		8D11072E0486CEB800E47090 /* Frameworks */ = {
			isa = PBXFrameworksBuildPhase;
			buildActionMask = 2147483647;
			files = (
				8D11072F0486CEB800E47090 /* Cocoa.framework in Frameworks */,
				FA8E08D30DBFE6E6004C42B0 /* Security.framework in Frameworks */,
				FA9A2BAD0DCAB4C1000FF5DC /* CoreFoundation.framework in Frameworks */,
			);
			runOnlyForDeploymentPostprocessing = 0;
		};
		FA0429060C176EBA00803AE5 /* Frameworks */ = {
			isa = PBXFrameworksBuildPhase;
			buildActionMask = 2147483647;
			files = (
			);
			runOnlyForDeploymentPostprocessing = 0;
		};
		FA4E300B0DC66A8F0046C99F /* Frameworks */ = {
			isa = PBXFrameworksBuildPhase;
			buildActionMask = 2147483647;
			files = (
				FA9A2C020DCAB519000FF5DC /* Security.framework in Frameworks */,
				FA9A2BAB0DCAB4C1000FF5DC /* CoreFoundation.framework in Frameworks */,
			);
			runOnlyForDeploymentPostprocessing = 0;
		};
		FA4E30180DC66AAA0046C99F /* Frameworks */ = {
			isa = PBXFrameworksBuildPhase;
			buildActionMask = 2147483647;
			files = (
			);
			runOnlyForDeploymentPostprocessing = 0;
		};
/* End PBXFrameworksBuildPhase section */

/* Begin PBXGroup section */
		080E96DDFE201D6D7F000001 /* Classes */ = {
			isa = PBXGroup;
			children = (
				FA01AB970B03EA53004A54F4 /* Job.h */,
				FA01AB980B03EA53004A54F4 /* Job.m */,
				FA04289B0C15DFA200803AE5 /* syncer.h */,
				FA04289C0C15DFA200803AE5 /* syncer.m */,
				FA01AB7F0B03E577004A54F4 /* YargController.h */,
				FA01AB800B03E577004A54F4 /* YargController.m */,
			);
			name = Classes;
			sourceTree = "<group>";
		};
		1058C7A0FEA54F0111CA2CBB /* Linked Frameworks */ = {
			isa = PBXGroup;
			children = (
				FA8E08D20DBFE6E6004C42B0 /* Security.framework */,
				1058C7A1FEA54F0111CA2CBB /* Cocoa.framework */,
			);
			name = "Linked Frameworks";
			sourceTree = "<group>";
		};
		1058C7A2FEA54F0111CA2CBB /* Other Frameworks */ = {
			isa = PBXGroup;
			children = (
				29B97324FDCFA39411CA2CEA /* AppKit.framework */,
				13E42FB307B3F0F600E4EEF1 /* CoreData.framework */,
				29B97325FDCFA39411CA2CEA /* Foundation.framework */,
			);
			name = "Other Frameworks";
			sourceTree = "<group>";
		};
		19C28FACFE9D520D11CA2CBB /* Products */ = {
			isa = PBXGroup;
			children = (
				8D1107320486CEB800E47090 /* Yarg.app */,
				FA0429080C176EBA00803AE5 /* syncer */,
				FA4E300D0DC66A8F0046C99F /* HelperTool */,
				FA4E301A0DC66AAA0046C99F /* InstallTool */,
			);
			name = Products;
			sourceTree = "<group>";
		};
		29B97314FDCFA39411CA2CEA /* yarg */ = {
			isa = PBXGroup;
			children = (
				FA9A2BAA0DCAB4C1000FF5DC /* CoreFoundation.framework */,
				080E96DDFE201D6D7F000001 /* Classes */,
				29B97315FDCFA39411CA2CEA /* Other Sources */,
				29B97317FDCFA39411CA2CEA /* Resources */,
				29B97323FDCFA39411CA2CEA /* Frameworks */,
				19C28FACFE9D520D11CA2CBB /* Products */,
			);
			name = yarg;
			sourceTree = "<group>";
		};
		29B97315FDCFA39411CA2CEA /* Other Sources */ = {
			isa = PBXGroup;
			children = (
				FACE766B0DD03AC800934DB0 /* HelperUninstall.sh */,
				FA4E303C0DC66BED0046C99F /* BetterAuthorizationSampleLib.h */,
				FA4E303A0DC66BD90046C99F /* BetterAuthorizationSampleLibInstallTool.c */,
				FA4E30330DC66BBC0046C99F /* BetterAuthorizationSampleLib.c */,
				FA4E303D0DC66C940046C99F /* Common.h */,
				FA4E309B0DC6B0650046C99F /* HelperTool.c */,
				FA4E303E0DC66C940046C99F /* Common.c */,
				FACDD91D0B0D6AB9004E306D /* additions.h */,
				FACDD91E0B0D6AB9004E306D /* additions.m */,
				32CA4F630368D1EE00C91783 /* yarg_Prefix.pch */,
				29B97316FDCFA39411CA2CEA /* main.m */,
				FAD841F30C0E0684001E7A83 /* makesourceball.sh */,
				FAD841E70C0E0220001E7A83 /* package.sh */,
			);
			name = "Other Sources";
			sourceTree = "<group>";
		};
		29B97317FDCFA39411CA2CEA /* Resources */ = {
			isa = PBXGroup;
			children = (
				FAB700BF0DADEF26009A6466 /* iconv3.icns */,
				8D1107310486CEB800E47090 /* Info.plist */,
				29B97318FDCFA39411CA2CEA /* MainMenu.nib */,
				FAD841DF0C0E0099001E7A83 /* LICENSE.txt */,
			);
			name = Resources;
			sourceTree = "<group>";
		};
		29B97323FDCFA39411CA2CEA /* Frameworks */ = {
			isa = PBXGroup;
			children = (
				1058C7A0FEA54F0111CA2CBB /* Linked Frameworks */,
				1058C7A2FEA54F0111CA2CBB /* Other Frameworks */,
			);
			name = Frameworks;
			sourceTree = "<group>";
		};
/* End PBXGroup section */

/* Begin PBXNativeTarget section */
		8D1107260486CEB800E47090 /* Yarg */ = {
			isa = PBXNativeTarget;
			buildConfigurationList = C01FCF4A08A954540054247B /* Build configuration list for PBXNativeTarget "Yarg" */;
			buildPhases = (
				8D1107290486CEB800E47090 /* Resources */,
				8D11072C0486CEB800E47090 /* Sources */,
				8D11072E0486CEB800E47090 /* Frameworks */,
				FA0429DE0C1A3F0400803AE5 /* CopyFiles */,
			);
			buildRules = (
			);
			dependencies = (
				FA0429C00C1A3DC500803AE5 /* PBXTargetDependency */,
				FA4E301F0DC66AB60046C99F /* PBXTargetDependency */,
				FA4E30210DC66AB60046C99F /* PBXTargetDependency */,
			);
			name = Yarg;
			productInstallPath = "$(HOME)/Applications";
			productName = yarg;
			productReference = 8D1107320486CEB800E47090 /* Yarg.app */;
			productType = "com.apple.product-type.application";
		};
		FA0429070C176EBA00803AE5 /* syncer */ = {
			isa = PBXNativeTarget;
			buildConfigurationList = FA04290B0C176ED900803AE5 /* Build configuration list for PBXNativeTarget "syncer" */;
			buildPhases = (
				FA0429050C176EBA00803AE5 /* Sources */,
				FA0429060C176EBA00803AE5 /* Frameworks */,
			);
			buildRules = (
			);
			dependencies = (
			);
			name = syncer;
			productName = syncer;
			productReference = FA0429080C176EBA00803AE5 /* syncer */;
			productType = "com.apple.product-type.tool";
		};
		FA4E300C0DC66A8F0046C99F /* HelperTool */ = {
			isa = PBXNativeTarget;
			buildConfigurationList = FA4E30140DC66A930046C99F /* Build configuration list for PBXNativeTarget "HelperTool" */;
			buildPhases = (
				FA4E300A0DC66A8F0046C99F /* Sources */,
				FA4E300B0DC66A8F0046C99F /* Frameworks */,
			);
			buildRules = (
			);
			dependencies = (
			);
			name = HelperTool;
			productName = HelperTool;
			productReference = FA4E300D0DC66A8F0046C99F /* HelperTool */;
			productType = "com.apple.product-type.tool";
		};
		FA4E30190DC66AAA0046C99F /* InstallTool */ = {
			isa = PBXNativeTarget;
			buildConfigurationList = FA4E30230DC66AC20046C99F /* Build configuration list for PBXNativeTarget "InstallTool" */;
			buildPhases = (
				FA4E30170DC66AAA0046C99F /* Sources */,
				FA4E30180DC66AAA0046C99F /* Frameworks */,
			);
			buildRules = (
			);
			dependencies = (
			);
			name = InstallTool;
			productName = InstallTool;
			productReference = FA4E301A0DC66AAA0046C99F /* InstallTool */;
			productType = "com.apple.product-type.tool";
		};
/* End PBXNativeTarget section */

/* Begin PBXProject section */
		29B97313FDCFA39411CA2CEA /* Project object */ = {
			isa = PBXProject;
			buildConfigurationList = C01FCF4E08A954540054247B /* Build configuration list for PBXProject "Yarg" */;
			compatibilityVersion = "Xcode 2.4";
			hasScannedForEncodings = 1;
			mainGroup = 29B97314FDCFA39411CA2CEA /* yarg */;
			projectDirPath = "";
			projectRoot = "";
			targets = (
				8D1107260486CEB800E47090 /* Yarg */,
				FA0429070C176EBA00803AE5 /* syncer */,
				FA4E300C0DC66A8F0046C99F /* HelperTool */,
				FA4E30190DC66AAA0046C99F /* InstallTool */,
			);
		};
/* End PBXProject section */

/* Begin PBXResourcesBuildPhase section */
		8D1107290486CEB800E47090 /* Resources */ = {
			isa = PBXResourcesBuildPhase;
			buildActionMask = 2147483647;
			files = (
				8D11072A0486CEB800E47090 /* MainMenu.nib in Resources */,
				FAB700C00DADEF26009A6466 /* iconv3.icns in Resources */,
			);
			runOnlyForDeploymentPostprocessing = 0;
		};
/* End PBXResourcesBuildPhase section */

/* Begin PBXSourcesBuildPhase section */
		8D11072C0486CEB800E47090 /* Sources */ = {
			isa = PBXSourcesBuildPhase;
			buildActionMask = 2147483647;
			files = (
				8D11072D0486CEB800E47090 /* main.m in Sources */,
				FA01AB810B03E577004A54F4 /* YargController.m in Sources */,
				FA01AB990B03EA53004A54F4 /* Job.m in Sources */,
				FACDD91F0B0D6AB9004E306D /* additions.m in Sources */,
				FA4E30340DC66BBC0046C99F /* BetterAuthorizationSampleLib.c in Sources */,
				FA4E303F0DC66C940046C99F /* Common.c in Sources */,
			);
			runOnlyForDeploymentPostprocessing = 0;
		};
		FA0429050C176EBA00803AE5 /* Sources */ = {
			isa = PBXSourcesBuildPhase;
			buildActionMask = 2147483647;
			files = (
				FA04290E0C176F4600803AE5 /* syncer.m in Sources */,
			);
			runOnlyForDeploymentPostprocessing = 0;
		};
		FA4E300A0DC66A8F0046C99F /* Sources */ = {
			isa = PBXSourcesBuildPhase;
			buildActionMask = 2147483647;
			files = (
				FA4E30350DC66BBC0046C99F /* BetterAuthorizationSampleLib.c in Sources */,
				FA4E30400DC66C940046C99F /* Common.c in Sources */,
				FA4E309D0DC6B0650046C99F /* HelperTool.c in Sources */,
			);
			runOnlyForDeploymentPostprocessing = 0;
		};
		FA4E30170DC66AAA0046C99F /* Sources */ = {
			isa = PBXSourcesBuildPhase;
			buildActionMask = 2147483647;
			files = (
				FA4E303B0DC66BD90046C99F /* BetterAuthorizationSampleLibInstallTool.c in Sources */,
			);
			runOnlyForDeploymentPostprocessing = 0;
		};
/* End PBXSourcesBuildPhase section */

/* Begin PBXTargetDependency section */
		FA0429C00C1A3DC500803AE5 /* PBXTargetDependency */ = {
			isa = PBXTargetDependency;
			target = FA0429070C176EBA00803AE5 /* syncer */;
			targetProxy = FA0429BF0C1A3DC500803AE5 /* PBXContainerItemProxy */;
		};
		FA4E301F0DC66AB60046C99F /* PBXTargetDependency */ = {
			isa = PBXTargetDependency;
			target = FA4E300C0DC66A8F0046C99F /* HelperTool */;
			targetProxy = FA4E301E0DC66AB60046C99F /* PBXContainerItemProxy */;
		};
		FA4E30210DC66AB60046C99F /* PBXTargetDependency */ = {
			isa = PBXTargetDependency;
			target = FA4E30190DC66AAA0046C99F /* InstallTool */;
			targetProxy = FA4E30200DC66AB60046C99F /* PBXContainerItemProxy */;
		};
/* End PBXTargetDependency section */

/* Begin PBXVariantGroup section */
		29B97318FDCFA39411CA2CEA /* MainMenu.nib */ = {
			isa = PBXVariantGroup;
			children = (
				29B97319FDCFA39411CA2CEA /* English */,
			);
			name = MainMenu.nib;
			sourceTree = "<group>";
		};
/* End PBXVariantGroup section */

/* Begin XCBuildConfiguration section */
		C01FCF4B08A954540054247B /* Debug */ = {
			isa = XCBuildConfiguration;
			buildSettings = {
				ARCHS = "$(NATIVE_ARCH)";
				COPY_PHASE_STRIP = NO;
				GCC_DYNAMIC_NO_PIC = NO;
				GCC_ENABLE_FIX_AND_CONTINUE = YES;
				GCC_MODEL_TUNING = G5;
				GCC_OPTIMIZATION_LEVEL = 0;
				GENERATE_PROFILING_CODE = YES;
				INFOPLIST_FILE = Info.plist;
				INSTALL_PATH = "$(HOME)/Applications";
				MACOSX_DEPLOYMENT_TARGET = 10.4;
				PRODUCT_NAME = Yarg;
				WRAPPER_EXTENSION = app;
				ZERO_LINK = YES;
			};
			name = Debug;
		};
		C01FCF4C08A954540054247B /* Release */ = {
			isa = XCBuildConfiguration;
			buildSettings = {
				ARCHS = (
					i386,
					ppc,
				);
				GCC_GENERATE_DEBUGGING_SYMBOLS = NO;
				GCC_MODEL_TUNING = G5;
				INFOPLIST_FILE = Info.plist;
				INSTALL_PATH = "$(HOME)/Applications";
				MACOSX_DEPLOYMENT_TARGET = 10.4;
				PRODUCT_NAME = yarg;
				WRAPPER_EXTENSION = app;
			};
			name = Release;
		};
		C01FCF4F08A954540054247B /* Debug */ = {
			isa = XCBuildConfiguration;
			buildSettings = {
				ARCHS = i386;
				COPY_PHASE_STRIP = NO;
				GCC_C_LANGUAGE_STANDARD = c99;
				GCC_DYNAMIC_NO_PIC = YES;
				GCC_ENABLE_FIX_AND_CONTINUE = YES;
				GCC_OPTIMIZATION_LEVEL = 0;
				GCC_PREPROCESSOR_DEFINITIONS = "IS_DEVELOPMENT=1";
				GCC_WARN_ABOUT_MISSING_PROTOTYPES = YES;
				GCC_WARN_ABOUT_RETURN_TYPE = NO;
				GCC_WARN_SHADOW = NO;
				GCC_WARN_SIGN_COMPARE = NO;
				GCC_WARN_TYPECHECK_CALLS_TO_PRINTF = YES;
				GCC_WARN_UNUSED_FUNCTION = YES;
				GCC_WARN_UNUSED_LABEL = YES;
				GCC_WARN_UNUSED_PARAMETER = YES;
				GCC_WARN_UNUSED_VALUE = YES;
				GCC_WARN_UNUSED_VARIABLE = YES;
				GENERATE_PROFILING_CODE = YES;
				MACOSX_DEPLOYMENT_TARGET = 10.4;
				PREBINDING = NO;
				SDKROOT = /Developer/SDKs/MacOSX10.4u.sdk;
				STRIP_INSTALLED_PRODUCT = YES;
				WARNING_CFLAGS = "-Wall";
			};
			name = Debug;
		};
		C01FCF5008A954540054247B /* Release */ = {
			isa = XCBuildConfiguration;
			buildSettings = {
				ARCHS = (
					i386,
					ppc,
				);
				GCC_C_LANGUAGE_STANDARD = c99;
				GCC_PREPROCESSOR_DEFINITIONS = "";
				GCC_WARN_ABOUT_RETURN_TYPE = YES;
				GCC_WARN_UNUSED_VARIABLE = YES;
				PREBINDING = NO;
				SDKROOT = /Developer/SDKs/MacOSX10.4u.sdk;
			};
			name = Release;
		};
		FA04290C0C176ED900803AE5 /* Debug */ = {
			isa = XCBuildConfiguration;
			buildSettings = {
				COPY_PHASE_STRIP = NO;
				GCC_DYNAMIC_NO_PIC = NO;
				GCC_ENABLE_FIX_AND_CONTINUE = YES;
				GCC_GENERATE_DEBUGGING_SYMBOLS = YES;
				GCC_MODEL_TUNING = G5;
				GCC_OPTIMIZATION_LEVEL = 0;
				GCC_PRECOMPILE_PREFIX_HEADER = YES;
				GCC_PREFIX_HEADER = "$(SYSTEM_LIBRARY_DIR)/Frameworks/AppKit.framework/Headers/AppKit.h";
				INSTALL_PATH = "$(HOME)/bin";
				OTHER_LDFLAGS = (
					"-framework",
					Foundation,
					"-framework",
					AppKit,
				);
				PREBINDING = NO;
				PRODUCT_NAME = syncer;
				ZERO_LINK = YES;
			};
			name = Debug;
		};
		FA04290D0C176ED900803AE5 /* Release */ = {
			isa = XCBuildConfiguration;
			buildSettings = {
				COPY_PHASE_STRIP = YES;
				GCC_ENABLE_FIX_AND_CONTINUE = NO;
				GCC_GENERATE_DEBUGGING_SYMBOLS = NO;
				GCC_MODEL_TUNING = G5;
				GCC_PRECOMPILE_PREFIX_HEADER = YES;
				GCC_PREFIX_HEADER = "$(SYSTEM_LIBRARY_DIR)/Frameworks/AppKit.framework/Headers/AppKit.h";
				INSTALL_PATH = "$(HOME)/bin";
				OTHER_LDFLAGS = (
					"-framework",
					Foundation,
					"-framework",
					AppKit,
				);
				PREBINDING = NO;
				PRODUCT_NAME = syncer;
				ZERO_LINK = NO;
			};
			name = Release;
		};
		FA4E300F0DC66A900046C99F /* Debug */ = {
			isa = XCBuildConfiguration;
			buildSettings = {
				COPY_PHASE_STRIP = NO;
				GCC_DYNAMIC_NO_PIC = NO;
				GCC_ENABLE_FIX_AND_CONTINUE = YES;
				GCC_MODEL_TUNING = G5;
				GCC_OPTIMIZATION_LEVEL = 0;
				INSTALL_PATH = /usr/local/bin;
				PREBINDING = NO;
				PRODUCT_NAME = HelperTool;
				ZERO_LINK = YES;
			};
			name = Debug;
		};
		FA4E30100DC66A900046C99F /* Release */ = {
			isa = XCBuildConfiguration;
			buildSettings = {
				COPY_PHASE_STRIP = YES;
				DEBUG_INFORMATION_FORMAT = "dwarf-with-dsym";
				GCC_ENABLE_FIX_AND_CONTINUE = NO;
				GCC_MODEL_TUNING = G5;
				INSTALL_PATH = /usr/local/bin;
				PREBINDING = NO;
				PRODUCT_NAME = HelperTool;
				ZERO_LINK = NO;
			};
			name = Release;
		};
		FA4E301C0DC66AAB0046C99F /* Debug */ = {
			isa = XCBuildConfiguration;
			buildSettings = {
				COPY_PHASE_STRIP = NO;
				GCC_DYNAMIC_NO_PIC = NO;
				GCC_ENABLE_FIX_AND_CONTINUE = YES;
				GCC_MODEL_TUNING = G5;
				GCC_OPTIMIZATION_LEVEL = 0;
				INSTALL_PATH = /usr/local/bin;
				PREBINDING = NO;
				PRODUCT_NAME = InstallTool;
				ZERO_LINK = YES;
			};
			name = Debug;
		};
		FA4E301D0DC66AAB0046C99F /* Release */ = {
			isa = XCBuildConfiguration;
			buildSettings = {
				COPY_PHASE_STRIP = YES;
				DEBUG_INFORMATION_FORMAT = "dwarf-with-dsym";
				GCC_ENABLE_FIX_AND_CONTINUE = NO;
				GCC_MODEL_TUNING = G5;
				INSTALL_PATH = /usr/local/bin;
				PREBINDING = NO;
				PRODUCT_NAME = InstallTool;
				ZERO_LINK = NO;
			};
			name = Release;
		};
/* End XCBuildConfiguration section */

/* Begin XCConfigurationList section */
		C01FCF4A08A954540054247B /* Build configuration list for PBXNativeTarget "Yarg" */ = {
			isa = XCConfigurationList;
			buildConfigurations = (
				C01FCF4B08A954540054247B /* Debug */,
				C01FCF4C08A954540054247B /* Release */,
			);
			defaultConfigurationIsVisible = 0;
			defaultConfigurationName = Debug;
		};
		C01FCF4E08A954540054247B /* Build configuration list for PBXProject "Yarg" */ = {
			isa = XCConfigurationList;
			buildConfigurations = (
				C01FCF4F08A954540054247B /* Debug */,
				C01FCF5008A954540054247B /* Release */,
			);
			defaultConfigurationIsVisible = 0;
			defaultConfigurationName = Debug;
		};
		FA04290B0C176ED900803AE5 /* Build configuration list for PBXNativeTarget "syncer" */ = {
			isa = XCConfigurationList;
			buildConfigurations = (
				FA04290C0C176ED900803AE5 /* Debug */,
				FA04290D0C176ED900803AE5 /* Release */,
			);
			defaultConfigurationIsVisible = 0;
			defaultConfigurationName = Debug;
		};
		FA4E30140DC66A930046C99F /* Build configuration list for PBXNativeTarget "HelperTool" */ = {
			isa = XCConfigurationList;
			buildConfigurations = (
				FA4E300F0DC66A900046C99F /* Debug */,
				FA4E30100DC66A900046C99F /* Release */,
			);
			defaultConfigurationIsVisible = 0;
			defaultConfigurationName = Debug;
		};
		FA4E30230DC66AC20046C99F /* Build configuration list for PBXNativeTarget "InstallTool" */ = {
			isa = XCConfigurationList;
			buildConfigurations = (
				FA4E301C0DC66AAB0046C99F /* Debug */,
				FA4E301D0DC66AAB0046C99F /* Release */,
			);
			defaultConfigurationIsVisible = 0;
			defaultConfigurationName = Debug;
		};
/* End XCConfigurationList section */
	};
	rootObject = 29B97313FDCFA39411CA2CEA /* Project object */;
}
